PODS:
  - AFNetworking (3.1.0):
    - AFNetworking/NSURLSession (= 3.1.0)
    - AFNetworking/Reachability (= 3.1.0)
    - AFNetworking/Security (= 3.1.0)
    - AFNetworking/Serialization (= 3.1.0)
    - AFNetworking/UIKit (= 3.1.0)
  - AFNetworking/NSURLSession (3.1.0):
    - AFNetworking/Reachability
    - AFNetworking/Security
    - AFNetworking/Serialization
  - AFNetworking/Reachability (3.1.0)
  - AFNetworking/Security (3.1.0)
  - AFNetworking/Serialization (3.1.0)
  - AFNetworking/UIKit (3.1.0):
    - AFNetworking/NSURLSession
  - AMap3DMap-NO-IDFA (5.0.0):
    - AMapFoundation-NO-IDFA (~> 1.3)
  - AMapFoundation-NO-IDFA (1.4.0)
  - AMapLocation-NO-IDFA (2.4.0):
    - AMapFoundation-NO-IDFA (~> 1.4)
  - AMapNavi-NO-IDFA (5.0.1):
    - AMap3DMap-NO-IDFA (~> 5.0)
    - AMapFoundation-NO-IDFA (~> 1.3)
  - AMapSearch-NO-IDFA (5.0.0):
    - AMapFoundation-NO-IDFA (~> 1.2)
  - JCAlertController (2.1.3)
  - JCore (1.1.6)
  - JPush (3.0.7):
    - JCore (~> 1.1.6)
  - Masonry (1.0.2)
  - MJExtension (3.0.13)
  - MJRefresh (3.1.12)
  - NinaPagerView (1.6.2)
  - SDCycleScrollView (1.66):
    - SDWebImage (~> 4.0.0)
  - SDWebImage (4.0.0):
    - SDWebImage/Core (= 4.0.0)
  - SDWebImage/Core (4.0.0)
  - SVProgressHUD (2.1.2)
  - UMengAnalytics-NO-IDFA (4.2.5)
  - UMengUShare/Core (6.4.6):
    - UMengUShare/Network
  - UMengUShare/Network (6.4.6)
  - UMengUShare/Social/QQ (6.4.6):
    - UMengUShare/Core
    - UMengUShare/Social/ReducedQQ
  - UMengUShare/Social/ReducedQQ (6.4.6):
    - UMengUShare/Core
  - UMengUShare/Social/ReducedSina (6.4.6):
    - UMengUShare/Core
  - UMengUShare/Social/ReducedWeChat (6.4.6):
    - UMengUShare/Core
  - UMengUShare/Social/Sina (6.4.6):
    - UMengUShare/Core
    - UMengUShare/Social/ReducedSina
  - UMengUShare/Social/WeChat (6.4.6):
    - UMengUShare/Core
    - UMengUShare/Social/ReducedWeChat
  - UMengUShare/UI (6.4.6):
    - UMengUShare/Core

DEPENDENCIES:
  - AFNetworking
  - AMap3DMap-NO-IDFA
  - AMapLocation-NO-IDFA
  - AMapNavi-NO-IDFA
  - AMapSearch-NO-IDFA
  - JCAlertController
  - JPush
  - Masonry
  - MJExtension
  - MJRefresh
  - NinaPagerView
  - SDCycleScrollView
  - SDWebImage
  - SVProgressHUD
  - UMengAnalytics-NO-IDFA
  - UMengUShare/Social/QQ
  - UMengUShare/Social/Sina
  - UMengUShare/Social/WeChat
  - UMengUShare/UI

SPEC CHECKSUMS:
  AFNetworking: 5e0e199f73d8626b11e79750991f5d173d1f8b67
  AMap3DMap-NO-IDFA: 0711f9634a5a41efb6ac79fc5137b681673fb6b9
  AMapFoundation-NO-IDFA: d1ba541a56737c2048115a745b1dfcbe9901c248
  AMapLocation-NO-IDFA: 9493012d3241a7d551942c7c1e1069b51f295083
  AMapNavi-NO-IDFA: 3620c6b9d06364d912b016b89ba656a1bab02fd3
  AMapSearch-NO-IDFA: 8fb4e844c27031f6791d5edce16fdd2a5cfac028
  JCAlertController: 712299ca4da5c3647b1fec7c11c9226686f89a16
  JCore: 18fc8725124f26e55625eaf224659b3a999dcf63
  JPush: 111b79b8a0169ab8fd4c486dac3ed166ed69293e
  Masonry: 7c429b56da9d4ee0bbb3ed77a5ea710d6a5df39e
  MJExtension: 5932755f451458eefa24239358817f8d291240c7
  MJRefresh: b96cdb21c4aa75a7b07654311ab2f315c497e806
  NinaPagerView: d197b579cb5a9beb5c3cb45c027a7463de52e64f
  SDCycleScrollView: e3ade90e9b3159bec04330b208fbfd81c3f3b671
  SDWebImage: 76a6348bdc74eb5a55dd08a091ef298e56b55e41
  SVProgressHUD: c404a55d78acbeb7ebb78b76d3faf986475a6994
  UMengAnalytics-NO-IDFA: 16666e32edce5be44ae5b14aaaa7f3582e09d6ab
  UMengUShare: fdbbf86353976727af26a66e9a84314ecb59c816

PODFILE CHECKSUM: 91dd0e7645b0013b2a75d83f31f574bbc55ee85c

COCOAPODS: 1.2.1
